{
  "nodes": {
    "crane": {
      "inputs": {
        "nixpkgs": [
          "nixpkgs"
        ]
      },
      "locked": {
        "lastModified": 1719685792,
        "narHash": "sha256-WIoVERD4AN6CmfGSRPy3mfPx2dDbRHgzP2V8z6aNbaY=",
        "owner": "ipetkov",
        "repo": "crane",
        "rev": "aa5dcd0518a422dfd545d565f0d5a25971fea52a",
        "type": "github"
      },
      "original": {
        "owner": "ipetkov",
        "repo": "crane",
        "type": "github"
      }
    },
    "fenix": {
      "inputs": {
        "nixpkgs": [
          "nixpkgs"
        ],
        "rust-analyzer-src": "rust-analyzer-src"
      },
      "locked": {
        "lastModified": 1719642342,
        "narHash": "sha256-6DFZ+XbU+nPz86uDicmyypxf4oYKGomecSyTiNnXYBU=",
        "owner": "nix-community",
        "repo": "fenix",
        "rev": "b49a0746ae9516336f3ab281164923624c7a506f",
        "type": "github"
      },
      "original": {
        "owner": "nix-community",
        "repo": "fenix",
        "type": "github"
      }
    },
    "flake-parts": {
      "inputs": {
        "nixpkgs-lib": "nixpkgs-lib"
      },
      "locked": {
        "lastModified": 1717285511,
        "narHash": "sha256-iKzJcpdXih14qYVcZ9QC9XuZYnPc6T8YImb6dX166kw=",
        "owner": "hercules-ci",
        "repo": "flake-parts",
        "rev": "2a55567fcf15b1b1c7ed712a2c6fadaec7412ea8",
        "type": "github"
      },
      "original": {
        "owner": "hercules-ci",
        "repo": "flake-parts",
        "type": "github"
      }
    },
    "nixpkgs": {
      "locked": {
        "lastModified": 1719506693,
        "narHash": "sha256-C8e9S7RzshSdHB7L+v9I51af1gDM5unhJ2xO1ywxNH8=",
        "owner": "NixOS",
        "repo": "nixpkgs",
        "rev": "b2852eb9365c6de48ffb0dc2c9562591f652242a",
        "type": "github"
      },
      "original": {
        "owner": "NixOS",
        "ref": "nixos-unstable",
        "repo": "nixpkgs",
        "type": "github"
      }
    },
    "nixpkgs-lib": {
      "locked": {
        "lastModified": 1717284937,
        "narHash": "sha256-lIbdfCsf8LMFloheeE6N31+BMIeixqyQWbSr2vk79EQ=",
        "type": "tarball",
        "url": "https://github.com/NixOS/nixpkgs/archive/eb9ceca17df2ea50a250b6b27f7bf6ab0186f198.tar.gz"
      },
      "original": {
        "type": "tarball",
        "url": "https://github.com/NixOS/nixpkgs/archive/eb9ceca17df2ea50a250b6b27f7bf6ab0186f198.tar.gz"
      }
    },
    "nixpkgs_2": {
      "locked": {
        "lastModified": 1708475490,
        "narHash": "sha256-g1v0TsWBQPX97ziznfJdWhgMyMGtoBFs102xSYO4syU=",
        "owner": "nixos",
        "repo": "nixpkgs",
        "rev": "0e74ca98a74bc7270d28838369593635a5db3260",
        "type": "github"
      },
      "original": {
        "owner": "nixos",
        "ref": "nixos-unstable",
        "repo": "nixpkgs",
        "type": "github"
      }
    },
    "root": {
      "inputs": {
        "crane": "crane",
        "fenix": "fenix",
        "flake-parts": "flake-parts",
        "nixpkgs": "nixpkgs",
        "treefmt-nix": "treefmt-nix",
        "typst-packages": "typst-packages"
      }
    },
    "rust-analyzer-src": {
      "flake": false,
      "locked": {
        "lastModified": 1719576535,
        "narHash": "sha256-YzF4P6YVInAjcR5eJHWefkKEu5t70KYVZMvdLODv8CM=",
        "owner": "rust-lang",
        "repo": "rust-analyzer",
        "rev": "9463d9eea4b87e651e7d8ed8425a9c92f23b1cdf",
        "type": "github"
      },
      "original": {
        "owner": "rust-lang",
        "ref": "nightly",
        "repo": "rust-analyzer",
        "type": "github"
      }
    },
    "treefmt-nix": {
      "inputs": {
        "nixpkgs": "nixpkgs_2"
      },
      "locked": {
        "lastModified": 1719243788,
        "narHash": "sha256-9T9mSY35EZSM1KAwb7K9zwQ78qTlLjosZgtUGnw4rn4=",
        "owner": "numtide",
        "repo": "treefmt-nix",
        "rev": "065a23edceff48f948816b795ea8cc6c0dee7cdf",
        "type": "github"
      },
      "original": {
        "owner": "numtide",
        "repo": "treefmt-nix",
        "type": "github"
      }
    },
    "typst-packages": {
      "flake": false,
      "locked": {
        "lastModified": 1719218121,
        "narHash": "sha256-hEk8U0E8I1mplDTkHDm+PvtaMO4d71SXMlVXYwDN7c8=",
        "owner": "typst",
        "repo": "packages",
        "rev": "6701e9b284ebc222c70d03ad1fc3bc6aabb19c6b",
        "type": "github"
      },
      "original": {
        "owner": "typst",
        "repo": "packages",
        "type": "github"
      }
    }
  },
  "root": "root",
  "version": 7
}
